
Microsoft Visual Studio Solution File, Format Version 12.00
# Visual Studio Version 16
VisualStudioVersion = 16.0.31515.178
MinimumVisualStudioVersion = 10.0.40219.1
Project("{2150E333-8FDC-42A3-9474-1A3956D46DE8}") = "0 - Apresentacao", "0 - Apresentacao", "{BC6D9CC1-AF83-4DB6-BF71-02ECEBCF2C87}"
EndProject
Project("{FAE04EC0-301F-11D3-BF4B-00C04F79EFBC}") = "ARC.Apresentacao", "ARC.Apresentacao\ARC.Apresentacao.csproj", "{725BF705-7951-4BA3-BA24-9394441056C0}"
EndProject
Global
	GlobalSection(SolutionConfigurationPlatforms) = preSolution
		Debug|Any CPU = Debug|Any CPU
		Release|Any CPU = Release|Any CPU
	EndGlobalSection
	GlobalSection(ProjectConfigurationPlatforms) = postSolution
		{725BF705-7951-4BA3-BA24-9394441056C0}.Debug|Any CPU.ActiveCfg = Debug|Any CPU
		{725BF705-7951-4BA3-BA24-9394441056C0}.Debug|Any CPU.Build.0 = Debug|Any CPU
		{725BF705-7951-4BA3-BA24-9394441056C0}.Release|Any CPU.ActiveCfg = Release|Any CPU
		{725BF705-7951-4BA3-BA24-9394441056C0}.Release|Any CPU.Build.0 = Release|Any CPU
	EndGlobalSection
	GlobalSection(SolutionProperties) = preSolution
		HideSolutionNode = FALSE
	EndGlobalSection
	GlobalSection(NestedProjects) = preSolution
		{725BF705-7951-4BA3-BA24-9394441056C0} = {BC6D9CC1-AF83-4DB6-BF71-02ECEBCF2C87}
	EndGlobalSection
	GlobalSection(ExtensibilityGlobals) = postSolution
		SolutionGuid = {2DF94229-9E0A-49E6-9C7D-CED9CACDA013}
	EndGlobalSection
EndGlobal
